// !$*UTF8*$!
{
	archiveVersion = 1;
	classes = {
	};
	objectVersion = 51;
	objects = {

/* Begin PBXBuildFile section */
		D511819B9FB84E463C760FF2 /* Pods_RIckAndMortyWiki.framework in Frameworks */ = {isa = PBXBuildFile; fileRef = AF58D720A24964663A3D2485 /* Pods_RIckAndMortyWiki.framework */; };
		E60CE606267A60AC00EBF23C /* AppDelegate.swift in Sources */ = {isa = PBXBuildFile; fileRef = E60CE605267A60AC00EBF23C /* AppDelegate.swift */; };
		E60CE608267A60AC00EBF23C /* SceneDelegate.swift in Sources */ = {isa = PBXBuildFile; fileRef = E60CE607267A60AC00EBF23C /* SceneDelegate.swift */; };
		E60CE60F267A60AD00EBF23C /* Assets.xcassets in Resources */ = {isa = PBXBuildFile; fileRef = E60CE60E267A60AD00EBF23C /* Assets.xcassets */; };
		E60CE612267A60AD00EBF23C /* LaunchScreen.storyboard in Resources */ = {isa = PBXBuildFile; fileRef = E60CE610267A60AD00EBF23C /* LaunchScreen.storyboard */; };
		E6AA9EF1267A62B700C5E79E /* Requestable.swift in Sources */ = {isa = PBXBuildFile; fileRef = E6AA9EF0267A62B700C5E79E /* Requestable.swift */; };
		E6AA9EF5267A62D800C5E79E /* MortyNetworkError.swift in Sources */ = {isa = PBXBuildFile; fileRef = E6AA9EF4267A62D800C5E79E /* MortyNetworkError.swift */; };
		E6AA9EF9267A63CC00C5E79E /* RestClient.swift in Sources */ = {isa = PBXBuildFile; fileRef = E6AA9EF8267A63CC00C5E79E /* RestClient.swift */; };
		E6AA9F03267A655100C5E79E /* Characters.swift in Sources */ = {isa = PBXBuildFile; fileRef = E6AA9F02267A655100C5E79E /* Characters.swift */; };
		E6AA9F06267A664B00C5E79E /* Episodes.swift in Sources */ = {isa = PBXBuildFile; fileRef = E6AA9F05267A664B00C5E79E /* Episodes.swift */; };
		E6AA9F0B267A684A00C5E79E /* CharacterLocations.swift in Sources */ = {isa = PBXBuildFile; fileRef = E6AA9F0A267A684A00C5E79E /* CharacterLocations.swift */; };
/* End PBXBuildFile section */

/* Begin PBXFileReference section */
		2EA14A3BC8BFF21F9B056AE1 /* Pods-RIckAndMortyWiki.release.xcconfig */ = {isa = PBXFileReference; includeInIndex = 1; lastKnownFileType = text.xcconfig; name = "Pods-RIckAndMortyWiki.release.xcconfig"; path = "Target Support Files/Pods-RIckAndMortyWiki/Pods-RIckAndMortyWiki.release.xcconfig"; sourceTree = "<group>"; };
		8D37356E01BFFE223F5CC774 /* Pods-RIckAndMortyWiki.debug.xcconfig */ = {isa = PBXFileReference; includeInIndex = 1; lastKnownFileType = text.xcconfig; name = "Pods-RIckAndMortyWiki.debug.xcconfig"; path = "Target Support Files/Pods-RIckAndMortyWiki/Pods-RIckAndMortyWiki.debug.xcconfig"; sourceTree = "<group>"; };
		AF58D720A24964663A3D2485 /* Pods_RIckAndMortyWiki.framework */ = {isa = PBXFileReference; explicitFileType = wrapper.framework; includeInIndex = 0; path = Pods_RIckAndMortyWiki.framework; sourceTree = BUILT_PRODUCTS_DIR; };
		E60CE602267A60AC00EBF23C /* RIckAndMortyWiki.app */ = {isa = PBXFileReference; explicitFileType = wrapper.application; includeInIndex = 0; path = RIckAndMortyWiki.app; sourceTree = BUILT_PRODUCTS_DIR; };
		E60CE605267A60AC00EBF23C /* AppDelegate.swift */ = {isa = PBXFileReference; lastKnownFileType = sourcecode.swift; path = AppDelegate.swift; sourceTree = "<group>"; };
		E60CE607267A60AC00EBF23C /* SceneDelegate.swift */ = {isa = PBXFileReference; lastKnownFileType = sourcecode.swift; path = SceneDelegate.swift; sourceTree = "<group>"; };
		E60CE60E267A60AD00EBF23C /* Assets.xcassets */ = {isa = PBXFileReference; lastKnownFileType = folder.assetcatalog; path = Assets.xcassets; sourceTree = "<group>"; };
		E60CE611267A60AD00EBF23C /* Base */ = {isa = PBXFileReference; lastKnownFileType = file.storyboard; name = Base; path = Base.lproj/LaunchScreen.storyboard; sourceTree = "<group>"; };
		E60CE613267A60AD00EBF23C /* Info.plist */ = {isa = PBXFileReference; lastKnownFileType = text.plist.xml; path = Info.plist; sourceTree = "<group>"; };
		E6AA9EF0267A62B700C5E79E /* Requestable.swift */ = {isa = PBXFileReference; lastKnownFileType = sourcecode.swift; path = Requestable.swift; sourceTree = "<group>"; };
		E6AA9EF4267A62D800C5E79E /* MortyNetworkError.swift */ = {isa = PBXFileReference; lastKnownFileType = sourcecode.swift; path = MortyNetworkError.swift; sourceTree = "<group>"; };
		E6AA9EF8267A63CC00C5E79E /* RestClient.swift */ = {isa = PBXFileReference; lastKnownFileType = sourcecode.swift; path = RestClient.swift; sourceTree = "<group>"; };
		E6AA9F02267A655100C5E79E /* Characters.swift */ = {isa = PBXFileReference; lastKnownFileType = sourcecode.swift; path = Characters.swift; sourceTree = "<group>"; };
		E6AA9F05267A664B00C5E79E /* Episodes.swift */ = {isa = PBXFileReference; lastKnownFileType = sourcecode.swift; path = Episodes.swift; sourceTree = "<group>"; };
		E6AA9F0A267A684A00C5E79E /* CharacterLocations.swift */ = {isa = PBXFileReference; lastKnownFileType = sourcecode.swift; path = CharacterLocations.swift; sourceTree = "<group>"; };
/* End PBXFileReference section */

/* Begin PBXFrameworksBuildPhase section */
		E60CE5FF267A60AC00EBF23C /* Frameworks */ = {
			isa = PBXFrameworksBuildPhase;
			buildActionMask = 2147483647;
			files = (
				D511819B9FB84E463C760FF2 /* Pods_RIckAndMortyWiki.framework in Frameworks */,
			);
			runOnlyForDeploymentPostprocessing = 0;
		};
/* End PBXFrameworksBuildPhase section */

/* Begin PBXGroup section */
		05EB07F2D9DF8F8A6F69C3CC /* Pods */ = {
			isa = PBXGroup;
			children = (
				8D37356E01BFFE223F5CC774 /* Pods-RIckAndMortyWiki.debug.xcconfig */,
				2EA14A3BC8BFF21F9B056AE1 /* Pods-RIckAndMortyWiki.release.xcconfig */,
			);
			path = Pods;
			sourceTree = "<group>";
		};
		A95623446D79866B7925B9B2 /* Frameworks */ = {
			isa = PBXGroup;
			children = (
				AF58D720A24964663A3D2485 /* Pods_RIckAndMortyWiki.framework */,
			);
			name = Frameworks;
			sourceTree = "<group>";
		};
		E60CE5F9267A60AC00EBF23C = {
			isa = PBXGroup;
			children = (
				E60CE604267A60AC00EBF23C /* RIckAndMortyWiki */,
				E60CE603267A60AC00EBF23C /* Products */,
				05EB07F2D9DF8F8A6F69C3CC /* Pods */,
				A95623446D79866B7925B9B2 /* Frameworks */,
			);
			sourceTree = "<group>";
		};
		E60CE603267A60AC00EBF23C /* Products */ = {
			isa = PBXGroup;
			children = (
				E60CE602267A60AC00EBF23C /* RIckAndMortyWiki.app */,
			);
			name = Products;
			sourceTree = "<group>";
		};
		E60CE604267A60AC00EBF23C /* RIckAndMortyWiki */ = {
			isa = PBXGroup;
			children = (
				E60CE61B267A618F00EBF23C /* Core */,
				E60CE61C267A619300EBF23C /* Presentation */,
				E60CE620267A623400EBF23C /* Resources */,
				E60CE61D267A61E700EBF23C /* Root */,
				E60CE613267A60AD00EBF23C /* Info.plist */,
			);
			path = RIckAndMortyWiki;
			sourceTree = "<group>";
		};
		E60CE61B267A618F00EBF23C /* Core */ = {
			isa = PBXGroup;
			children = (
				E6AA9EFC267A650600C5E79E /* Domain */,
				E6AA9EEE267A628300C5E79E /* Extensions */,
				E6AA9EEB267A626400C5E79E /* Networking */,
			);
			path = Core;
			sourceTree = "<group>";
		};
		E60CE61C267A619300EBF23C /* Presentation */ = {
			isa = PBXGroup;
			children = (
			);
			path = Presentation;
			sourceTree = "<group>";
		};
		E60CE61D267A61E700EBF23C /* Root */ = {
			isa = PBXGroup;
			children = (
				E60CE605267A60AC00EBF23C /* AppDelegate.swift */,
				E60CE607267A60AC00EBF23C /* SceneDelegate.swift */,
				E60CE610267A60AD00EBF23C /* LaunchScreen.storyboard */,
			);
			path = Root;
			sourceTree = "<group>";
		};
		E60CE620267A623400EBF23C /* Resources */ = {
			isa = PBXGroup;
			children = (
				E60CE60E267A60AD00EBF23C /* Assets.xcassets */,
			);
			path = Resources;
			sourceTree = "<group>";
		};
		E6AA9EEB267A626400C5E79E /* Networking */ = {
			isa = PBXGroup;
			children = (
				E6AA9EFB267A643D00C5E79E /* Requests */,
				E6AA9EF0267A62B700C5E79E /* Requestable.swift */,
				E6AA9EF4267A62D800C5E79E /* MortyNetworkError.swift */,
				E6AA9EF8267A63CC00C5E79E /* RestClient.swift */,
			);
			path = Networking;
			sourceTree = "<group>";
		};
		E6AA9EEE267A628300C5E79E /* Extensions */ = {
			isa = PBXGroup;
			children = (
			);
			path = Extensions;
			sourceTree = "<group>";
		};
		E6AA9EFB267A643D00C5E79E /* Requests */ = {
			isa = PBXGroup;
			children = (
			);
			path = Requests;
			sourceTree = "<group>";
		};
		E6AA9EFC267A650600C5E79E /* Domain */ = {
			isa = PBXGroup;
			children = (
				E6AA9EFF267A652F00C5E79E /* Models */,
				E6AA9EFD267A650F00C5E79E /* Repositories */,
			);
			path = Domain;
			sourceTree = "<group>";
		};
		E6AA9EFD267A650F00C5E79E /* Repositories */ = {
			isa = PBXGroup;
			children = (
			);
			path = Repositories;
			sourceTree = "<group>";
		};
		E6AA9EFF267A652F00C5E79E /* Models */ = {
			isa = PBXGroup;
			children = (
				E6AA9F02267A655100C5E79E /* Characters.swift */,
				E6AA9F05267A664B00C5E79E /* Episodes.swift */,
				E6AA9F0A267A684A00C5E79E /* CharacterLocations.swift */,
			);
			path = Models;
			sourceTree = "<group>";
		};
/* End PBXGroup section */

/* Begin PBXNativeTarget section */
		E60CE601267A60AC00EBF23C /* RIckAndMortyWiki */ = {
			isa = PBXNativeTarget;
			buildConfigurationList = E60CE616267A60AE00EBF23C /* Build configuration list for PBXNativeTarget "RIckAndMortyWiki" */;
			buildPhases = (
				7EE01F01104047835217D43C /* [CP] Check Pods Manifest.lock */,
				E60CE5FE267A60AC00EBF23C /* Sources */,
				E60CE5FF267A60AC00EBF23C /* Frameworks */,
				E60CE600267A60AC00EBF23C /* Resources */,
				D22A967D74BC8E41982FDD76 /* [CP] Embed Pods Frameworks */,
			);
			buildRules = (
			);
			dependencies = (
			);
			name = RIckAndMortyWiki;
			productName = RIckAndMortyWiki;
			productReference = E60CE602267A60AC00EBF23C /* RIckAndMortyWiki.app */;
			productType = "com.apple.product-type.application";
		};
/* End PBXNativeTarget section */

/* Begin PBXProject section */
		E60CE5FA267A60AC00EBF23C /* Project object */ = {
			isa = PBXProject;
			attributes = {
				LastSwiftUpdateCheck = 1240;
				LastUpgradeCheck = 1240;
				TargetAttributes = {
					E60CE601267A60AC00EBF23C = {
						CreatedOnToolsVersion = 12.4;
					};
				};
			};
			buildConfigurationList = E60CE5FD267A60AC00EBF23C /* Build configuration list for PBXProject "RIckAndMortyWiki" */;
			compatibilityVersion = "Xcode 9.3";
			developmentRegion = en;
			hasScannedForEncodings = 0;
			knownRegions = (
				en,
				Base,
			);
			mainGroup = E60CE5F9267A60AC00EBF23C;
			productRefGroup = E60CE603267A60AC00EBF23C /* Products */;
			projectDirPath = "";
			projectRoot = "";
			targets = (
				E60CE601267A60AC00EBF23C /* RIckAndMortyWiki */,
			);
		};
/* End PBXProject section */

/* Begin PBXResourcesBuildPhase section */
		E60CE600267A60AC00EBF23C /* Resources */ = {
			isa = PBXResourcesBuildPhase;
			buildActionMask = 2147483647;
			files = (
				E60CE612267A60AD00EBF23C /* LaunchScreen.storyboard in Resources */,
				E60CE60F267A60AD00EBF23C /* Assets.xcassets in Resources */,
			);
			runOnlyForDeploymentPostprocessing = 0;
		};
/* End PBXResourcesBuildPhase section */

/* Begin PBXShellScriptBuildPhase section */
		7EE01F01104047835217D43C /* [CP] Check Pods Manifest.lock */ = {
			isa = PBXShellScriptBuildPhase;
			buildActionMask = 2147483647;
			files = (
			);
			inputFileListPaths = (
			);
			inputPaths = (
				"${PODS_PODFILE_DIR_PATH}/Podfile.lock",
				"${PODS_ROOT}/Manifest.lock",
			);
			name = "[CP] Check Pods Manifest.lock";
			outputFileListPaths = (
			);
			outputPaths = (
				"$(DERIVED_FILE_DIR)/Pods-RIckAndMortyWiki-checkManifestLockResult.txt",
			);
			runOnlyForDeploymentPostprocessing = 0;
			shellPath = /bin/sh;
			shellScript = "diff \"${PODS_PODFILE_DIR_PATH}/Podfile.lock\" \"${PODS_ROOT}/Manifest.lock\" > /dev/null\nif [ $? != 0 ] ; then\n    # print error to STDERR\n    echo \"error: The sandbox is not in sync with the Podfile.lock. Run 'pod install' or update your CocoaPods installation.\" >&2\n    exit 1\nfi\n# This output is used by Xcode 'outputs' to avoid re-running this script phase.\necho \"SUCCESS\" > \"${SCRIPT_OUTPUT_FILE_0}\"\n";
			showEnvVarsInLog = 0;
		};
		D22A967D74BC8E41982FDD76 /* [CP] Embed Pods Frameworks */ = {
			isa = PBXShellScriptBuildPhase;
			buildActionMask = 2147483647;
			files = (
			);
			inputFileListPaths = (
				"${PODS_ROOT}/Target Support Files/Pods-RIckAndMortyWiki/Pods-RIckAndMortyWiki-frameworks-${CONFIGURATION}-input-files.xcfilelist",
			);
			name = "[CP] Embed Pods Frameworks";
			outputFileListPaths = (
				"${PODS_ROOT}/Target Support Files/Pods-RIckAndMortyWiki/Pods-RIckAndMortyWiki-frameworks-${CONFIGURATION}-output-files.xcfilelist",
			);
			runOnlyForDeploymentPostprocessing = 0;
			shellPath = /bin/sh;
			shellScript = "\"${PODS_ROOT}/Target Support Files/Pods-RIckAndMortyWiki/Pods-RIckAndMortyWiki-frameworks.sh\"\n";
			showEnvVarsInLog = 0;
		};
/* End PBXShellScriptBuildPhase section */

/* Begin PBXSourcesBuildPhase section */
		E60CE5FE267A60AC00EBF23C /* Sources */ = {
			isa = PBXSourcesBuildPhase;
			buildActionMask = 2147483647;
			files = (
				E6AA9EF1267A62B700C5E79E /* Requestable.swift in Sources */,
				E60CE606267A60AC00EBF23C /* AppDelegate.swift in Sources */,
				E6AA9EF5267A62D800C5E79E /* MortyNetworkError.swift in Sources */,
				E6AA9F03267A655100C5E79E /* Characters.swift in Sources */,
				E6AA9F0B267A684A00C5E79E /* CharacterLocations.swift in Sources */,
				E6AA9EF9267A63CC00C5E79E /* RestClient.swift in Sources */,
				E60CE608267A60AC00EBF23C /* SceneDelegate.swift in Sources */,
				E6AA9F06267A664B00C5E79E /* Episodes.swift in Sources */,
			);
			runOnlyForDeploymentPostprocessing = 0;
		};
/* End PBXSourcesBuildPhase section */

/* Begin PBXVariantGroup section */
		E60CE610267A60AD00EBF23C /* LaunchScreen.storyboard */ = {
			isa = PBXVariantGroup;
			children = (
				E60CE611267A60AD00EBF23C /* Base */,
			);
			name = LaunchScreen.storyboard;
			sourceTree = "<group>";
		};
/* End PBXVariantGroup section */

/* Begin XCBuildConfiguration section */
		E60CE614267A60AE00EBF23C /* Debug */ = {
			isa = XCBuildConfiguration;
			buildSettings = {
				ALWAYS_SEARCH_USER_PATHS = NO;
				CLANG_ANALYZER_NONNULL = YES;
				CLANG_ANALYZER_NUMBER_OBJECT_CONVERSION = YES_AGGRESSIVE;
				CLANG_CXX_LANGUAGE_STANDARD = "gnu++14";
				CLANG_CXX_LIBRARY = "libc++";
				CLANG_ENABLE_MODULES = YES;
				CLANG_ENABLE_OBJC_ARC = YES;
				CLANG_ENABLE_OBJC_WEAK = YES;
				CLANG_WARN_BLOCK_CAPTURE_AUTORELEASING = YES;
				CLANG_WARN_BOOL_CONVERSION = YES;
				CLANG_WARN_COMMA = YES;
				CLANG_WARN_CONSTANT_CONVERSION = YES;
				CLANG_WARN_DEPRECATED_OBJC_IMPLEMENTATIONS = YES;
				CLANG_WARN_DIRECT_OBJC_ISA_USAGE = YES_ERROR;
				CLANG_WARN_DOCUMENTATION_COMMENTS = YES;
				CLANG_WARN_EMPTY_BODY = YES;
				CLANG_WARN_ENUM_CONVERSION = YES;
				CLANG_WARN_INFINITE_RECURSION = YES;
				CLANG_WARN_INT_CONVERSION = YES;
				CLANG_WARN_NON_LITERAL_NULL_CONVERSION = YES;
				CLANG_WARN_OBJC_IMPLICIT_RETAIN_SELF = YES;
				CLANG_WARN_OBJC_LITERAL_CONVERSION = YES;
				CLANG_WARN_OBJC_ROOT_CLASS = YES_ERROR;
				CLANG_WARN_QUOTED_INCLUDE_IN_FRAMEWORK_HEADER = YES;
				CLANG_WARN_RANGE_LOOP_ANALYSIS = YES;
				CLANG_WARN_STRICT_PROTOTYPES = YES;
				CLANG_WARN_SUSPICIOUS_MOVE = YES;
				CLANG_WARN_UNGUARDED_AVAILABILITY = YES_AGGRESSIVE;
				CLANG_WARN_UNREACHABLE_CODE = YES;
				CLANG_WARN__DUPLICATE_METHOD_MATCH = YES;
				COPY_PHASE_STRIP = NO;
				DEBUG_INFORMATION_FORMAT = dwarf;
				ENABLE_STRICT_OBJC_MSGSEND = YES;
				ENABLE_TESTABILITY = YES;
				GCC_C_LANGUAGE_STANDARD = gnu11;
				GCC_DYNAMIC_NO_PIC = NO;
				GCC_NO_COMMON_BLOCKS = YES;
				GCC_OPTIMIZATION_LEVEL = 0;
				GCC_PREPROCESSOR_DEFINITIONS = (
					"DEBUG=1",
					"$(inherited)",
				);
				GCC_WARN_64_TO_32_BIT_CONVERSION = YES;
				GCC_WARN_ABOUT_RETURN_TYPE = YES_ERROR;
				GCC_WARN_UNDECLARED_SELECTOR = YES;
				GCC_WARN_UNINITIALIZED_AUTOS = YES_AGGRESSIVE;
				GCC_WARN_UNUSED_FUNCTION = YES;
				GCC_WARN_UNUSED_VARIABLE = YES;
				IPHONEOS_DEPLOYMENT_TARGET = 14.4;
				MTL_ENABLE_DEBUG_INFO = INCLUDE_SOURCE;
				MTL_FAST_MATH = YES;
				ONLY_ACTIVE_ARCH = YES;
				SDKROOT = iphoneos;
				SWIFT_ACTIVE_COMPILATION_CONDITIONS = DEBUG;
				SWIFT_OPTIMIZATION_LEVEL = "-Onone";
			};
			name = Debug;
		};
		E60CE615267A60AE00EBF23C /* Release */ = {
			isa = XCBuildConfiguration;
			buildSettings = {
				ALWAYS_SEARCH_USER_PATHS = NO;
				CLANG_ANALYZER_NONNULL = YES;
				CLANG_ANALYZER_NUMBER_OBJECT_CONVERSION = YES_AGGRESSIVE;
				CLANG_CXX_LANGUAGE_STANDARD = "gnu++14";
				CLANG_CXX_LIBRARY = "libc++";
				CLANG_ENABLE_MODULES = YES;
				CLANG_ENABLE_OBJC_ARC = YES;
				CLANG_ENABLE_OBJC_WEAK = YES;
				CLANG_WARN_BLOCK_CAPTURE_AUTORELEASING = YES;
				CLANG_WARN_BOOL_CONVERSION = YES;
				CLANG_WARN_COMMA = YES;
				CLANG_WARN_CONSTANT_CONVERSION = YES;
				CLANG_WARN_DEPRECATED_OBJC_IMPLEMENTATIONS = YES;
				CLANG_WARN_DIRECT_OBJC_ISA_USAGE = YES_ERROR;
				CLANG_WARN_DOCUMENTATION_COMMENTS = YES;
				CLANG_WARN_EMPTY_BODY = YES;
				CLANG_WARN_ENUM_CONVERSION = YES;
				CLANG_WARN_INFINITE_RECURSION = YES;
				CLANG_WARN_INT_CONVERSION = YES;
				CLANG_WARN_NON_LITERAL_NULL_CONVERSION = YES;
				CLANG_WARN_OBJC_IMPLICIT_RETAIN_SELF = YES;
				CLANG_WARN_OBJC_LITERAL_CONVERSION = YES;
				CLANG_WARN_OBJC_ROOT_CLASS = YES_ERROR;
				CLANG_WARN_QUOTED_INCLUDE_IN_FRAMEWORK_HEADER = YES;
				CLANG_WARN_RANGE_LOOP_ANALYSIS = YES;
				CLANG_WARN_STRICT_PROTOTYPES = YES;
				CLANG_WARN_SUSPICIOUS_MOVE = YES;
				CLANG_WARN_UNGUARDED_AVAILABILITY = YES_AGGRESSIVE;
				CLANG_WARN_UNREACHABLE_CODE = YES;
				CLANG_WARN__DUPLICATE_METHOD_MATCH = YES;
				COPY_PHASE_STRIP = NO;
				DEBUG_INFORMATION_FORMAT = "dwarf-with-dsym";
				ENABLE_NS_ASSERTIONS = NO;
				ENABLE_STRICT_OBJC_MSGSEND = YES;
				GCC_C_LANGUAGE_STANDARD = gnu11;
				GCC_NO_COMMON_BLOCKS = YES;
				GCC_WARN_64_TO_32_BIT_CONVERSION = YES;
				GCC_WARN_ABOUT_RETURN_TYPE = YES_ERROR;
				GCC_WARN_UNDECLARED_SELECTOR = YES;
				GCC_WARN_UNINITIALIZED_AUTOS = YES_AGGRESSIVE;
				GCC_WARN_UNUSED_FUNCTION = YES;
				GCC_WARN_UNUSED_VARIABLE = YES;
				IPHONEOS_DEPLOYMENT_TARGET = 14.4;
				MTL_ENABLE_DEBUG_INFO = NO;
				MTL_FAST_MATH = YES;
				SDKROOT = iphoneos;
				SWIFT_COMPILATION_MODE = wholemodule;
				SWIFT_OPTIMIZATION_LEVEL = "-O";
				VALIDATE_PRODUCT = YES;
			};
			name = Release;
		};
		E60CE617267A60AE00EBF23C /* Debug */ = {
			isa = XCBuildConfiguration;
			baseConfigurationReference = 8D37356E01BFFE223F5CC774 /* Pods-RIckAndMortyWiki.debug.xcconfig */;
			buildSettings = {
				ASSETCATALOG_COMPILER_APPICON_NAME = AppIcon;
				ASSETCATALOG_COMPILER_GLOBAL_ACCENT_COLOR_NAME = AccentColor;
				CODE_SIGN_STYLE = Automatic;
				DEVELOPMENT_TEAM = 6SR4JWJD54;
				INFOPLIST_FILE = RIckAndMortyWiki/Info.plist;
				LD_RUNPATH_SEARCH_PATHS = (
					"$(inherited)",
					"@executable_path/Frameworks",
				);
				PRODUCT_BUNDLE_IDENTIFIER = com.tornike.RIckAndMortyWiki;
				PRODUCT_NAME = "$(TARGET_NAME)";
				SWIFT_VERSION = 5.0;
				TARGETED_DEVICE_FAMILY = "1,2";
			};
			name = Debug;
		};
		E60CE618267A60AE00EBF23C /* Release */ = {
			isa = XCBuildConfiguration;
			baseConfigurationReference = 2EA14A3BC8BFF21F9B056AE1 /* Pods-RIckAndMortyWiki.release.xcconfig */;
			buildSettings = {
				ASSETCATALOG_COMPILER_APPICON_NAME = AppIcon;
				ASSETCATALOG_COMPILER_GLOBAL_ACCENT_COLOR_NAME = AccentColor;
				CODE_SIGN_STYLE = Automatic;
				DEVELOPMENT_TEAM = 6SR4JWJD54;
				INFOPLIST_FILE = RIckAndMortyWiki/Info.plist;
				LD_RUNPATH_SEARCH_PATHS = (
					"$(inherited)",
					"@executable_path/Frameworks",
				);
				PRODUCT_BUNDLE_IDENTIFIER = com.tornike.RIckAndMortyWiki;
				PRODUCT_NAME = "$(TARGET_NAME)";
				SWIFT_VERSION = 5.0;
				TARGETED_DEVICE_FAMILY = "1,2";
			};
			name = Release;
		};
/* End XCBuildConfiguration section */

/* Begin XCConfigurationList section */
		E60CE5FD267A60AC00EBF23C /* Build configuration list for PBXProject "RIckAndMortyWiki" */ = {
			isa = XCConfigurationList;
			buildConfigurations = (
				E60CE614267A60AE00EBF23C /* Debug */,
				E60CE615267A60AE00EBF23C /* Release */,
			);
			defaultConfigurationIsVisible = 0;
			defaultConfigurationName = Release;
		};
		E60CE616267A60AE00EBF23C /* Build configuration list for PBXNativeTarget "RIckAndMortyWiki" */ = {
			isa = XCConfigurationList;
			buildConfigurations = (
				E60CE617267A60AE00EBF23C /* Debug */,
				E60CE618267A60AE00EBF23C /* Release */,
			);
			defaultConfigurationIsVisible = 0;
			defaultConfigurationName = Release;
		};
/* End XCConfigurationList section */
	};
	rootObject = E60CE5FA267A60AC00EBF23C /* Project object */;
}
